
Microsoft Visual Studio Solution File, Format Version 12.00
# Visual Studio Version 16
VisualStudioVersion = 16.0.32413.511
MinimumVisualStudioVersion = 10.0.40219.1
Project("{FAE04EC0-301F-11D3-BF4B-00C04F79EFBC}") = "DailyReport", "DailyReport.csproj", "{488BF054-B693-49A1-B09A-5794256C6A59}"
EndProject
Global
	GlobalSection(SolutionConfigurationPlatforms) = preSolution
		Debug|Any CPU = Debug|Any CPU
		Release|Any CPU = Release|Any CPU
	EndGlobalSection
	GlobalSection(ProjectConfigurationPlatforms) = postSolution
		{488BF054-B693-49A1-B09A-5794256C6A59}.Debug|Any CPU.ActiveCfg = Debug|Any CPU
		{488BF054-B693-49A1-B09A-5794256C6A59}.Debug|Any CPU.Build.0 = Debug|Any CPU
		{488BF054-B693-49A1-B09A-5794256C6A59}.Release|Any CPU.ActiveCfg = Release|Any CPU
		{488BF054-B693-49A1-B09A-5794256C6A59}.Release|Any CPU.Build.0 = Release|Any CPU
	EndGlobalSection
	GlobalSection(SolutionProperties) = preSolution
		HideSolutionNode = FALSE
	EndGlobalSection
	GlobalSection(ExtensibilityGlobals) = postSolution
		SolutionGuid = {AD9EE011-C8F2-467D-8F6D-9D6DC96D6051}
	EndGlobalSection
EndGlobal
