
Microsoft Visual Studio Solution File, Format Version 12.00
# Visual Studio Version 16
VisualStudioVersion = 16.0.32510.428
MinimumVisualStudioVersion = 10.0.40219.1
Project("{FAE04EC0-301F-11D3-BF4B-00C04F79EFBC}") = "CallingMethods", "CallingMethods.csproj", "{FD3B5C88-E58F-4352-9C6A-E51FA342318E}"
EndProject
Global
	GlobalSection(SolutionConfigurationPlatforms) = preSolution
		Debug|Any CPU = Debug|Any CPU
		Release|Any CPU = Release|Any CPU
	EndGlobalSection
	GlobalSection(ProjectConfigurationPlatforms) = postSolution
		{FD3B5C88-E58F-4352-9C6A-E51FA342318E}.Debug|Any CPU.ActiveCfg = Debug|Any CPU
		{FD3B5C88-E58F-4352-9C6A-E51FA342318E}.Debug|Any CPU.Build.0 = Debug|Any CPU
		{FD3B5C88-E58F-4352-9C6A-E51FA342318E}.Release|Any CPU.ActiveCfg = Release|Any CPU
		{FD3B5C88-E58F-4352-9C6A-E51FA342318E}.Release|Any CPU.Build.0 = Release|Any CPU
	EndGlobalSection
	GlobalSection(SolutionProperties) = preSolution
		HideSolutionNode = FALSE
	EndGlobalSection
	GlobalSection(ExtensibilityGlobals) = postSolution
		SolutionGuid = {DC2A20CD-9088-44C4-9191-081E5B616100}
	EndGlobalSection
EndGlobal
