
Microsoft Visual Studio Solution File, Format Version 12.00
# Visual Studio Version 16
VisualStudioVersion = 16.0.32510.428
MinimumVisualStudioVersion = 10.0.40219.1
Project("{FAE04EC0-301F-11D3-BF4B-00C04F79EFBC}") = "StringsAndIntegers", "StringsAndIntegers.csproj", "{EE7429D5-42BF-4804-B57C-A28B8960C030}"
EndProject
Global
	GlobalSection(SolutionConfigurationPlatforms) = preSolution
		Debug|Any CPU = Debug|Any CPU
		Release|Any CPU = Release|Any CPU
	EndGlobalSection
	GlobalSection(ProjectConfigurationPlatforms) = postSolution
		{EE7429D5-42BF-4804-B57C-A28B8960C030}.Debug|Any CPU.ActiveCfg = Debug|Any CPU
		{EE7429D5-42BF-4804-B57C-A28B8960C030}.Debug|Any CPU.Build.0 = Debug|Any CPU
		{EE7429D5-42BF-4804-B57C-A28B8960C030}.Release|Any CPU.ActiveCfg = Release|Any CPU
		{EE7429D5-42BF-4804-B57C-A28B8960C030}.Release|Any CPU.Build.0 = Release|Any CPU
	EndGlobalSection
	GlobalSection(SolutionProperties) = preSolution
		HideSolutionNode = FALSE
	EndGlobalSection
	GlobalSection(ExtensibilityGlobals) = postSolution
		SolutionGuid = {EEFFFC1E-E2BD-4D17-9A9E-6B68BF9BD43A}
	EndGlobalSection
EndGlobal
