
Microsoft Visual Studio Solution File, Format Version 12.00
# Visual Studio Version 16
VisualStudioVersion = 16.0.32413.511
MinimumVisualStudioVersion = 10.0.40219.1
Project("{FAE04EC0-301F-11D3-BF4B-00C04F79EFBC}") = "InsuranceProject", "InsuranceProject.csproj", "{4C796C6A-9FCE-4214-9201-407AB2305C15}"
EndProject
Global
	GlobalSection(SolutionConfigurationPlatforms) = preSolution
		Debug|Any CPU = Debug|Any CPU
		Release|Any CPU = Release|Any CPU
	EndGlobalSection
	GlobalSection(ProjectConfigurationPlatforms) = postSolution
		{4C796C6A-9FCE-4214-9201-407AB2305C15}.Debug|Any CPU.ActiveCfg = Debug|Any CPU
		{4C796C6A-9FCE-4214-9201-407AB2305C15}.Debug|Any CPU.Build.0 = Debug|Any CPU
		{4C796C6A-9FCE-4214-9201-407AB2305C15}.Release|Any CPU.ActiveCfg = Release|Any CPU
		{4C796C6A-9FCE-4214-9201-407AB2305C15}.Release|Any CPU.Build.0 = Release|Any CPU
	EndGlobalSection
	GlobalSection(SolutionProperties) = preSolution
		HideSolutionNode = FALSE
	EndGlobalSection
	GlobalSection(ExtensibilityGlobals) = postSolution
		SolutionGuid = {0B456429-1887-4DCD-8B1C-DAFBB0C77404}
	EndGlobalSection
EndGlobal
